<?xml version="1.0" encoding="utf-8"?>
<Project ToolsVersion="4.0" xmlns="http://schemas.microsoft.com/developer/msbuild/2003">
  <ItemGroup>
    <Filter Include="Quelldateien">
      <UniqueIdentifier>{4FC737F1-C7A5-4376-A066-2A32D752A2FF}</UniqueIdentifier>
      <Extensions>cpp;c;cc;cxx;def;odl;idl;hpj;bat;asm;asmx</Extensions>
    </Filter>
    <Filter Include="Headerdateien">
      <UniqueIdentifier>{93995380-89BD-4b04-88EB-625FBE52EBFB}</UniqueIdentifier>
      <Extensions>h;hpp;hxx;hm;inl;inc;xsd</Extensions>
    </Filter>
    <Filter Include="Ressourcendateien">
      <UniqueIdentifier>{67DA6AB6-F800-4c08-8B7A-83BB121AAD01}</UniqueIdentifier>
      <Extensions>rc;ico;cur;bmp;dlg;rc2;rct;bin;rgs;gif;jpg;jpeg;jpe;resx;tiff;tif;png;wav;mfcribbon-ms</Extensions>
    </Filter>
    <Filter Include="Headerdateien\kernel">
      <UniqueIdentifier>{e793c3c2-fcb5-46b4-8960-93401e402158}</UniqueIdentifier>
    </Filter>
    <Filter Include="Headerdateien\tests">
      <UniqueIdentifier>{8810ad94-650c-4415-b01c-788e8a3c0d30}</UniqueIdentifier>
    </Filter>
    <Filter Include="Quelldateien\kernel">
      <UniqueIdentifier>{efe2e339-61c9-4e33-9d7f-482c04b6edec}</UniqueIdentifier>
    </Filter>
    <Filter Include="Quelldateien\tests">
      <UniqueIdentifier>{f5b10c57-37f7-40df-88ca-77f2f1c6b5ae}</UniqueIdentifier>
    </Filter>
  </ItemGroup>
  <ItemGroup>
    <None Include="ReadMe.txt" />
  </ItemGroup>
  <ItemGroup>
    <ClCompile Include="kernel\core1d.cpp">
      <Filter>Quelldateien\kernel</Filter>
    </ClCompile>
    <ClCompile Include="kernel\kernelaux.cpp">
      <Filter>Quelldateien\kernel</Filter>
    </ClCompile>
    <ClCompile Include="leapfrogsimu.cpp">
      <Filter>Quelldateien\kernel</Filter>
    </ClCompile>
    <ClCompile Include="kernel\speaker.cpp">
      <Filter>Quelldateien\kernel</Filter>
    </ClCompile>
    <ClCompile Include="tests\testfunction.cpp">
      <Filter>Quelldateien\tests</Filter>
    </ClCompile>
  </ItemGroup>
  <ItemGroup>
    <ClInclude Include="kernel\core1d.h">
      <Filter>Headerdateien\kernel</Filter>
    </ClInclude>
    <ClInclude Include="kernel\errorcodes.h">
      <Filter>Headerdateien\kernel</Filter>
    </ClInclude>
    <ClInclude Include="kernel\kernelaux.h">
      <Filter>Headerdateien\kernel</Filter>
    </ClInclude>
    <ClInclude Include="kernel\speaker.h">
      <Filter>Headerdateien\kernel</Filter>
    </ClInclude>
    <ClInclude Include="kernel\simtyps.h">
      <Filter>Headerdateien\kernel</Filter>
    </ClInclude>
    <ClInclude Include="tests\testfunction.h">
      <Filter>Headerdateien\tests</Filter>
    </ClInclude>
  </ItemGroup>
</Project>